[{<<"basho_stats">>,
  {git,"git://github.com/basho/basho_stats.git",
       {ref,"19c532af235ae675439d491b329c55c2f9b02deb"}},
  1},
 {<<"bear">>,
  {git,"git://github.com/basho/bear.git",
       {ref,"da820a13c607c3f816ee8b83c587266da5389761"}},
  3},
 {<<"clique">>,
  {git,"git://github.com/basho/clique.git",
       {ref,"0063cbe2c97aa3f00c1cb289678482cbc5524bc1"}},
  1},
 {<<"cuttlefish">>,
  {git,"git://github.com/basho/cuttlefish.git",
       {ref,"a463682ba86e9f49404dd72bb052e6e0c4b40839"}},
  1},
 {<<"edown">>,
  {git,"git://github.com/uwiger/edown.git",
       {ref,"d864427506cd93a00712b7c3b9a89d793e7e1600"}},
  0},
 {<<"eleveldb">>,
  {git,"git://github.com/basho/eleveldb.git",
       {ref,"f49144611501aa1443db4ac1b355c21562e68345"}},
  0},
 {<<"exometer_core">>,
  {git,"git://github.com/basho/exometer_core.git",
       {ref,"3e1516837e15918a7514a78d5126199e3deac989"}},
  1},
 {<<"folsom">>,
  {git,"git://github.com/basho/folsom.git",
       {ref,"72944523b6467c9f7add5f1c96dd5020424a2681"}},
  2},
 {<<"getopt">>,
  {git,"git://github.com/jcomellas/getopt.git",
       {ref,"388dc95caa7fb97ec7db8cfc39246a36aba61bd8"}},
  2},
 {<<"goldrush">>,
  {git,"git://github.com/DeadZen/goldrush.git",
       {ref,"212299233c7e7eb63a97be2777e1c05ebaa58dbe"}},
  1},
 {<<"json">>,
  {git,"git://github.com/talentdeficit/json.git",
       {ref,"94d6abd350003566c53c232a0526a0f7e2c7dfb5"}},
  1},
 {<<"jsonfilter">>,
  {git,"git://github.com/talentdeficit/jsonfilter.git",
       {ref,"3e4a09467b9a22ce2c1c9f4af270d71e4ec342a7"}},
  2},
 {<<"jsonpointer">>,
  {git,"git://github.com/talentdeficit/jsonpointer.git",
       {ref,"b6942f06bdaab9f6d25f3906fe245085e70db663"}},
  2},
 {<<"jsx">>,
  {git,"git://github.com/talentdeficit/jsx.git",
       {ref,"3074d4865b3385a050badf7828ad31490d860df5"}},
  2},
 {<<"lager">>,
  {git,"git://github.com/basho/lager.git",
       {ref,"b2cb2735713e3021e0761623ff595d53a545438e"}},
  0},
 {<<"meck">>,
  {git,"git://github.com/basho/meck.git",
       {ref,"dde759050eff19a1a80fd854d7375174b191665d"}},
  3},
 {<<"neotoma">>,
  {git,"git://github.com/seancribbs/neotoma.git",
       {ref,"6ac6007c7713712a80096de5c7cdf5b85b01374e"}},
  2},
 {<<"nklib">>,
  {git,"git://github.com/yurrriq/nklib.git",
       {ref,"586add0c6c07fab230518cd88c9d8b4071ea72b1"}},
  0},
 {<<"parse_trans">>,
  {git,"git://github.com/uwiger/parse_trans.git",
       {ref,"a210adafdfbb904d156d8f22abd5fb58fc17de1e"}},
  2},
 {<<"pbkdf2">>,
  {git,"git://github.com/basho/erlang-pbkdf2.git",
       {ref,"b8561cf72b13497ee498ce00bb80e5f2d24f512f"}},
  1},
 {<<"poolboy">>,
  {git,"git://github.com/basho/poolboy.git",
       {ref,"8bb45fbc715c5f493642a1cc572ec7017d0d5fa3"}},
  1},
 {<<"riak_core">>,
  {git,"git://github.com/basho/riak_core",
       {ref,"e86aaa62c80a3774ff7c3f74e71e54fa50c93663"}},
  0},
 {<<"riak_dt">>,
  {git,"git://github.com/basho/riak_dt",
       {ref,"a2986bccd1cc42facdfe739495c6d13762ae0f37"}},
  0},
 {<<"riak_ensemble">>,
  {git,"git://github.com/yurrriq/riak_ensemble",
       {ref,"95ef6740b556cf3ec4d7f4ea4324bbcefb6e641a"}},
  0},
 {<<"riak_sysmon">>,
  {git,"git://github.com/basho/riak_sysmon.git",
       {ref,"df6e244a5727d6b1bc035fdd0e8cdcde12bcc98a"}},
  1},
 {<<"setup">>,
  {git,"git://github.com/basho/setup.git",
       {ref,"c63ab416c2d815d61aead50898a7a13ca3eb804c"}},
  2},
 {<<"sext">>,
  {git,"git://github.com/uwiger/sext.git",
       {ref,"35520daea8ddc48569249ad19637f4cc75fbd03d"}},
  0},
 {<<"time_compat">>,
  {git,"git://github.com/lasp-lang/time_compat.git",
       {ref,"6007f68892104ebb6fa2366cebf9d928d8856273"}},
  1}].
